
Microsoft Visual Studio Solution File, Format Version 12.00
# Visual Studio Version 17
VisualStudioVersion = 17.7.34221.43
MinimumVisualStudioVersion = 10.0.40219.1
Project("{9A19103F-16F7-4668-BE54-9A1E7A4F7556}") = "WebApplication1", "WebApplication1\WebApplication1.csproj", "{4D4979D8-E8FE-40AA-A3BC-DFD51FBE922D}"
EndProject
Global
	GlobalSection(SolutionConfigurationPlatforms) = preSolution
		Debug|Any CPU = Debug|Any CPU
		Release|Any CPU = Release|Any CPU
	EndGlobalSection
	GlobalSection(ProjectConfigurationPlatforms) = postSolution
		{4D4979D8-E8FE-40AA-A3BC-DFD51FBE922D}.Debug|Any CPU.ActiveCfg = Debug|Any CPU
		{4D4979D8-E8FE-40AA-A3BC-DFD51FBE922D}.Debug|Any CPU.Build.0 = Debug|Any CPU
		{4D4979D8-E8FE-40AA-A3BC-DFD51FBE922D}.Release|Any CPU.ActiveCfg = Release|Any CPU
		{4D4979D8-E8FE-40AA-A3BC-DFD51FBE922D}.Release|Any CPU.Build.0 = Release|Any CPU
	EndGlobalSection
	GlobalSection(SolutionProperties) = preSolution
		HideSolutionNode = FALSE
	EndGlobalSection
	GlobalSection(ExtensibilityGlobals) = postSolution
		SolutionGuid = {C1989717-2BBA-4FA5-9055-C012AA1D319F}
	EndGlobalSection
EndGlobal
